# This file is automatically @generated by Cargo.
# It is not intended for manual editing.
version = 4

[[package]]
name = "equivalent"
version = "1.0.0"
source = "registry+https://github.com/rust-lang/crates.io-index"
checksum = "88bffebc5d80432c9b140ee17875ff173a8ab62faad5b257da912bd2f6c1c0a1"

[[package]]
name = "hashbrown"
version = "0.15.2"
source = "registry+https://github.com/rust-lang/crates.io-index"
checksum = "bf151400ff0baff5465007dd2f3e717f3fe502074ca563069ce3a6629d07b289"

[[package]]
name = "indexmap"
version = "2.9.0"
source = "registry+https://github.com/rust-lang/crates.io-index"
checksum = "cea70ddb795996207ad57735b50c5982d8844f38ba9ee5f1aedcfb708a2aa11e"
dependencies = [
 "equivalent",
 "hashbrown",
]

[[package]]
name = "proc-macro2"
version = "1.0.101"
source = "registry+https://github.com/rust-lang/crates.io-index"
checksum = "89ae43fd86e4158d6db51ad8e2b80f313af9cc74f5c0e03ccb87de09998732de"
dependencies = [
 "unicode-ident",
]

[[package]]
name = "quote"
version = "1.0.40"
source = "registry+https://github.com/rust-lang/crates.io-index"
checksum = "1885c039570dc00dcb4ff087a89e185fd56bae234ddc7f056a945bf36467248d"
dependencies = [
 "proc-macro2",
]

[[package]]
name = "serde-toml-merge"
version = "0.3.11"
dependencies = [
 "toml",
]

[[package]]
name = "serde_core"
version = "1.0.224"
source = "registry+https://github.com/rust-lang/crates.io-index"
checksum = "32f39390fa6346e24defbcdd3d9544ba8a19985d0af74df8501fbfe9a64341ab"
dependencies = [
 "serde_derive",
]

[[package]]
name = "serde_derive"
version = "1.0.224"
source = "registry+https://github.com/rust-lang/crates.io-index"
checksum = "87ff78ab5e8561c9a675bfc1785cb07ae721f0ee53329a595cefd8c04c2ac4e0"
dependencies = [
 "proc-macro2",
 "quote",
 "syn",
]

[[package]]
name = "serde_spanned"
version = "1.0.1"
source = "registry+https://github.com/rust-lang/crates.io-index"
checksum = "2789234a13a53fc4be1b51ea1bab45a3c338bdb884862a257d10e5a74ae009e6"
dependencies = [
 "serde_core",
]

[[package]]
name = "syn"
version = "2.0.106"
source = "registry+https://github.com/rust-lang/crates.io-index"
checksum = "ede7c438028d4436d71104916910f5bb611972c5cfd7f89b8300a8186e6fada6"
dependencies = [
 "proc-macro2",
 "quote",
 "unicode-ident",
]

[[package]]
name = "toml"
version = "0.9.6"
source = "registry+https://github.com/rust-lang/crates.io-index"
checksum = "ae2a4cf385da23d1d53bc15cdfa5c2109e93d8d362393c801e87da2f72f0e201"
dependencies = [
 "indexmap",
 "serde_core",
 "serde_spanned",
 "toml_datetime",
 "toml_parser",
 "toml_writer",
 "winnow",
]

[[package]]
name = "toml_datetime"
version = "0.7.1"
source = "registry+https://github.com/rust-lang/crates.io-index"
checksum = "a197c0ec7d131bfc6f7e82c8442ba1595aeab35da7adbf05b6b73cd06a16b6be"
dependencies = [
 "serde_core",
]

[[package]]
name = "toml_parser"
version = "1.0.2"
source = "registry+https://github.com/rust-lang/crates.io-index"
checksum = "b551886f449aa90d4fe2bdaa9f4a2577ad2dde302c61ecf262d80b116db95c10"
dependencies = [
 "winnow",
]

[[package]]
name = "toml_writer"
version = "1.0.2"
source = "registry+https://github.com/rust-lang/crates.io-index"
checksum = "fcc842091f2def52017664b53082ecbbeb5c7731092bad69d2c63050401dfd64"

[[package]]
name = "unicode-ident"
version = "1.0.19"
source = "registry+https://github.com/rust-lang/crates.io-index"
checksum = "f63a545481291138910575129486daeaf8ac54aee4387fe7906919f7830c7d9d"

[[package]]
name = "winnow"
version = "0.7.10"
source = "registry+https://github.com/rust-lang/crates.io-index"
checksum = "c06928c8748d81b05c9be96aad92e1b6ff01833332f281e8cfca3be4b35fc9ec"
