# This file is automatically @generated by Cargo.
# It is not intended for manual editing.
version = 3

[[package]]
name = "equivalent"
version = "1.0.0"
source = "registry+https://github.com/rust-lang/crates.io-index"
checksum = "88bffebc5d80432c9b140ee17875ff173a8ab62faad5b257da912bd2f6c1c0a1"

[[package]]
name = "hashbrown"
version = "0.14.0"
source = "registry+https://github.com/rust-lang/crates.io-index"
checksum = "2c6201b9ff9fd90a5a3bac2e56a830d0caa509576f0e503818ee82c181b3437a"

[[package]]
name = "indexmap"
version = "2.0.0"
source = "registry+https://github.com/rust-lang/crates.io-index"
checksum = "d5477fe2230a79769d8dc68e0eabf5437907c0457a5614a9e8dddb67f65eb65d"
dependencies = [
 "equivalent",
 "hashbrown",
]

[[package]]
name = "memchr"
version = "2.5.0"
source = "registry+https://github.com/rust-lang/crates.io-index"
checksum = "2dffe52ecf27772e601905b7522cb4ef790d2cc203488bbd0e2fe85fcb74566d"

[[package]]
name = "serde"
version = "1.0.152"
source = "registry+https://github.com/rust-lang/crates.io-index"
checksum = "bb7d1f0d3021d347a83e556fc4683dea2ea09d87bccdf88ff5c12545d89d5efb"

[[package]]
name = "serde-toml-merge"
version = "0.3.5"
dependencies = [
 "toml",
]

[[package]]
name = "serde_spanned"
version = "0.6.5"
source = "registry+https://github.com/rust-lang/crates.io-index"
checksum = "eb3622f419d1296904700073ea6cc23ad690adbd66f13ea683df73298736f0c1"
dependencies = [
 "serde",
]

[[package]]
name = "toml"
version = "0.8.11"
source = "registry+https://github.com/rust-lang/crates.io-index"
checksum = "af06656561d28735e9c1cd63dfd57132c8155426aa6af24f36a00a351f88c48e"
dependencies = [
 "serde",
 "serde_spanned",
 "toml_datetime",
 "toml_edit",
]

[[package]]
name = "toml_datetime"
version = "0.6.5"
source = "registry+https://github.com/rust-lang/crates.io-index"
checksum = "3550f4e9685620ac18a50ed434eb3aec30db8ba93b0287467bca5826ea25baf1"
dependencies = [
 "serde",
]

[[package]]
name = "toml_edit"
version = "0.22.7"
source = "registry+https://github.com/rust-lang/crates.io-index"
checksum = "18769cd1cec395d70860ceb4d932812a0b4d06b1a4bb336745a4d21b9496e992"
dependencies = [
 "indexmap",
 "serde",
 "serde_spanned",
 "toml_datetime",
 "winnow",
]

[[package]]
name = "winnow"
version = "0.6.5"
source = "registry+https://github.com/rust-lang/crates.io-index"
checksum = "dffa400e67ed5a4dd237983829e66475f0a4a26938c4b04c21baede6262215b8"
dependencies = [
 "memchr",
]
